
Microsoft Visual Studio Solution File, Format Version 12.00
# Visual Studio 15
VisualStudioVersion = 15.0.27004.2002
MinimumVisualStudioVersion = 10.0.40219.1
Project("{FAE04EC0-301F-11D3-BF4B-00C04F79EFBC}") = "CustomerWebServices", "..\..\..\..\Documents\Visual Studio 2017\Projects\CustomerWebServices\CustomerWebServices.csproj", "{3BD7C622-79C7-4417-9239-F6C7E89EC116}"
EndProject
Global
	GlobalSection(SolutionConfigurationPlatforms) = preSolution
		Debug|Any CPU = Debug|Any CPU
		Release|Any CPU = Release|Any CPU
	EndGlobalSection
	GlobalSection(ProjectConfigurationPlatforms) = postSolution
		{3BD7C622-79C7-4417-9239-F6C7E89EC116}.Debug|Any CPU.ActiveCfg = Debug|Any CPU
		{3BD7C622-79C7-4417-9239-F6C7E89EC116}.Debug|Any CPU.Build.0 = Debug|Any CPU
		{3BD7C622-79C7-4417-9239-F6C7E89EC116}.Release|Any CPU.ActiveCfg = Release|Any CPU
		{3BD7C622-79C7-4417-9239-F6C7E89EC116}.Release|Any CPU.Build.0 = Release|Any CPU
	EndGlobalSection
	GlobalSection(SolutionProperties) = preSolution
		HideSolutionNode = FALSE
	EndGlobalSection
	GlobalSection(ExtensibilityGlobals) = postSolution
		SolutionGuid = {85F65963-D1F6-436B-9734-2DAF307F71D4}
	EndGlobalSection
EndGlobal
